
Microsoft Visual Studio Solution File, Format Version 12.00
# Visual Studio Version 17
VisualStudioVersion = 17.14.36109.1 d17.14
MinimumVisualStudioVersion = 10.0.40219.1
Project("{FAE04EC0-301F-11D3-BF4B-00C04F79EFBC}") = "Animating with Lists Intro", "Animating with Lists Intro.csproj", "{83FC6257-0565-4C08-984C-919EF9F84D0D}"
EndProject
Global
	GlobalSection(SolutionConfigurationPlatforms) = preSolution
		Debug|Any CPU = Debug|Any CPU
		Release|Any CPU = Release|Any CPU
	EndGlobalSection
	GlobalSection(ProjectConfigurationPlatforms) = postSolution
		{83FC6257-0565-4C08-984C-919EF9F84D0D}.Debug|Any CPU.ActiveCfg = Debug|Any CPU
		{83FC6257-0565-4C08-984C-919EF9F84D0D}.Debug|Any CPU.Build.0 = Debug|Any CPU
		{83FC6257-0565-4C08-984C-919EF9F84D0D}.Release|Any CPU.ActiveCfg = Release|Any CPU
		{83FC6257-0565-4C08-984C-919EF9F84D0D}.Release|Any CPU.Build.0 = Release|Any CPU
	EndGlobalSection
	GlobalSection(SolutionProperties) = preSolution
		HideSolutionNode = FALSE
	EndGlobalSection
	GlobalSection(ExtensibilityGlobals) = postSolution
		SolutionGuid = {4FC721D8-20F0-4F95-A690-84B10DB4952C}
	EndGlobalSection
EndGlobal
